
Microsoft Visual Studio Solution File, Format Version 12.00
# Visual Studio 15
VisualStudioVersion = 15.0.28010.2036
MinimumVisualStudioVersion = 10.0.40219.1
Project("{FAE04EC0-301F-11D3-BF4B-00C04F79EFBC}") = "LMS", "LMS\LMS.csproj", "{B5C22C99-ED1C-4951-ABA6-535E5CF376B1}"
EndProject
Project("{FAE04EC0-301F-11D3-BF4B-00C04F79EFBC}") = "BL", "BL\BL.csproj", "{40E2A32B-099B-4E93-97F2-8913B8EDC4AD}"
EndProject
Project("{FAE04EC0-301F-11D3-BF4B-00C04F79EFBC}") = "Data", "Data\Data.csproj", "{21BABDE4-378A-4D58-979D-ECFB78838802}"
EndProject
Project("{FAE04EC0-301F-11D3-BF4B-00C04F79EFBC}") = "Model", "Model\Model.csproj", "{29109D9F-9837-4F60-9253-744ED621B052}"
EndProject
Project("{FAE04EC0-301F-11D3-BF4B-00C04F79EFBC}") = "BL.UnitTest", "BL.UnitTest\BL.UnitTest.csproj", "{D5418F4F-705C-41B4-A1A1-AA4C4A24F4EA}"
EndProject
Global
	GlobalSection(SolutionConfigurationPlatforms) = preSolution
		Debug|Any CPU = Debug|Any CPU
		Release|Any CPU = Release|Any CPU
	EndGlobalSection
	GlobalSection(ProjectConfigurationPlatforms) = postSolution
		{B5C22C99-ED1C-4951-ABA6-535E5CF376B1}.Debug|Any CPU.ActiveCfg = Debug|Any CPU
		{B5C22C99-ED1C-4951-ABA6-535E5CF376B1}.Debug|Any CPU.Build.0 = Debug|Any CPU
		{B5C22C99-ED1C-4951-ABA6-535E5CF376B1}.Release|Any CPU.ActiveCfg = Release|Any CPU
		{B5C22C99-ED1C-4951-ABA6-535E5CF376B1}.Release|Any CPU.Build.0 = Release|Any CPU
		{40E2A32B-099B-4E93-97F2-8913B8EDC4AD}.Debug|Any CPU.ActiveCfg = Debug|Any CPU
		{40E2A32B-099B-4E93-97F2-8913B8EDC4AD}.Debug|Any CPU.Build.0 = Debug|Any CPU
		{40E2A32B-099B-4E93-97F2-8913B8EDC4AD}.Release|Any CPU.ActiveCfg = Release|Any CPU
		{40E2A32B-099B-4E93-97F2-8913B8EDC4AD}.Release|Any CPU.Build.0 = Release|Any CPU
		{21BABDE4-378A-4D58-979D-ECFB78838802}.Debug|Any CPU.ActiveCfg = Debug|Any CPU
		{21BABDE4-378A-4D58-979D-ECFB78838802}.Debug|Any CPU.Build.0 = Debug|Any CPU
		{21BABDE4-378A-4D58-979D-ECFB78838802}.Release|Any CPU.ActiveCfg = Release|Any CPU
		{21BABDE4-378A-4D58-979D-ECFB78838802}.Release|Any CPU.Build.0 = Release|Any CPU
		{29109D9F-9837-4F60-9253-744ED621B052}.Debug|Any CPU.ActiveCfg = Debug|Any CPU
		{29109D9F-9837-4F60-9253-744ED621B052}.Debug|Any CPU.Build.0 = Debug|Any CPU
		{29109D9F-9837-4F60-9253-744ED621B052}.Release|Any CPU.ActiveCfg = Release|Any CPU
		{29109D9F-9837-4F60-9253-744ED621B052}.Release|Any CPU.Build.0 = Release|Any CPU
		{D5418F4F-705C-41B4-A1A1-AA4C4A24F4EA}.Debug|Any CPU.ActiveCfg = Debug|Any CPU
		{D5418F4F-705C-41B4-A1A1-AA4C4A24F4EA}.Debug|Any CPU.Build.0 = Debug|Any CPU
		{D5418F4F-705C-41B4-A1A1-AA4C4A24F4EA}.Release|Any CPU.ActiveCfg = Release|Any CPU
		{D5418F4F-705C-41B4-A1A1-AA4C4A24F4EA}.Release|Any CPU.Build.0 = Release|Any CPU
	EndGlobalSection
	GlobalSection(SolutionProperties) = preSolution
		HideSolutionNode = FALSE
	EndGlobalSection
	GlobalSection(ExtensibilityGlobals) = postSolution
		SolutionGuid = {EDC9524F-A22A-492B-AA77-8A868467422B}
	EndGlobalSection
EndGlobal
